
Microsoft Visual Studio Solution File, Format Version 12.00
# Visual Studio Version 17
VisualStudioVersion = 17.5.33516.290
MinimumVisualStudioVersion = 10.0.40219.1
Project("{FAE04EC0-301F-11D3-BF4B-00C04F79EFBC}") = "Triatlon", "Triatlon\Triatlon.csproj", "{DD1E3408-2703-45D8-9ED8-F8FB2C19078A}"
EndProject
Global
	GlobalSection(SolutionConfigurationPlatforms) = preSolution
		Debug|Any CPU = Debug|Any CPU
		Release|Any CPU = Release|Any CPU
	EndGlobalSection
	GlobalSection(ProjectConfigurationPlatforms) = postSolution
		{DD1E3408-2703-45D8-9ED8-F8FB2C19078A}.Debug|Any CPU.ActiveCfg = Debug|Any CPU
		{DD1E3408-2703-45D8-9ED8-F8FB2C19078A}.Debug|Any CPU.Build.0 = Debug|Any CPU
		{DD1E3408-2703-45D8-9ED8-F8FB2C19078A}.Release|Any CPU.ActiveCfg = Release|Any CPU
		{DD1E3408-2703-45D8-9ED8-F8FB2C19078A}.Release|Any CPU.Build.0 = Release|Any CPU
	EndGlobalSection
	GlobalSection(SolutionProperties) = preSolution
		HideSolutionNode = FALSE
	EndGlobalSection
	GlobalSection(ExtensibilityGlobals) = postSolution
		SolutionGuid = {59DC03B1-9CAA-48E1-BCAB-08F7C4E723E3}
	EndGlobalSection
EndGlobal
